
Microsoft Visual Studio Solution File, Format Version 12.00
# Visual Studio Version 17
VisualStudioVersion = 17.10.35122.118
MinimumVisualStudioVersion = 10.0.40219.1
Project("{FAE04EC0-301F-11D3-BF4B-00C04F79EFBC}") = "UTDRNewsletterMinigame", "UTDRNewsletterMinigame\UTDRNewsletterMinigame.csproj", "{A92E8B2E-2CC5-43AC-B121-B69A83FCE6F4}"
EndProject
Global
	GlobalSection(SolutionConfigurationPlatforms) = preSolution
		Debug|Any CPU = Debug|Any CPU
		Release|Any CPU = Release|Any CPU
	EndGlobalSection
	GlobalSection(ProjectConfigurationPlatforms) = postSolution
		{A92E8B2E-2CC5-43AC-B121-B69A83FCE6F4}.Debug|Any CPU.ActiveCfg = Debug|Any CPU
		{A92E8B2E-2CC5-43AC-B121-B69A83FCE6F4}.Debug|Any CPU.Build.0 = Debug|Any CPU
		{A92E8B2E-2CC5-43AC-B121-B69A83FCE6F4}.Release|Any CPU.ActiveCfg = Release|Any CPU
		{A92E8B2E-2CC5-43AC-B121-B69A83FCE6F4}.Release|Any CPU.Build.0 = Release|Any CPU
	EndGlobalSection
	GlobalSection(SolutionProperties) = preSolution
		HideSolutionNode = FALSE
	EndGlobalSection
	GlobalSection(ExtensibilityGlobals) = postSolution
		SolutionGuid = {0A8873A5-82E4-4AD2-ADBE-8E8129BECB34}
	EndGlobalSection
EndGlobal
